
Microsoft Visual Studio Solution File, Format Version 12.00
# Visual Studio Version 17
VisualStudioVersion = 17.13.35828.75 d17.13
MinimumVisualStudioVersion = 10.0.40219.1
Project("{FAE04EC0-301F-11D3-BF4B-00C04F79EFBC}") = "TimeForBattle", "TimeForBattle\TimeForBattle.csproj", "{1A6DBF32-BBAF-4C87-BD00-068209478363}"
EndProject
Global
	GlobalSection(SolutionConfigurationPlatforms) = preSolution
		Debug|Any CPU = Debug|Any CPU
		Release|Any CPU = Release|Any CPU
	EndGlobalSection
	GlobalSection(ProjectConfigurationPlatforms) = postSolution
		{1A6DBF32-BBAF-4C87-BD00-068209478363}.Debug|Any CPU.ActiveCfg = Debug|Any CPU
		{1A6DBF32-BBAF-4C87-BD00-068209478363}.Debug|Any CPU.Build.0 = Debug|Any CPU
		{1A6DBF32-BBAF-4C87-BD00-068209478363}.Release|Any CPU.ActiveCfg = Release|Any CPU
		{1A6DBF32-BBAF-4C87-BD00-068209478363}.Release|Any CPU.Build.0 = Release|Any CPU
	EndGlobalSection
	GlobalSection(SolutionProperties) = preSolution
		HideSolutionNode = FALSE
	EndGlobalSection
	GlobalSection(ExtensibilityGlobals) = postSolution
		SolutionGuid = {12C47738-C20A-4FC1-9F79-343201AFA65C}
	EndGlobalSection
EndGlobal
